
Microsoft Visual Studio Solution File, Format Version 12.00
# Visual Studio Version 17
VisualStudioVersion = 17.5.33530.505
MinimumVisualStudioVersion = 10.0.40219.1
Project("{8BC9CEB8-8B4A-11D0-8D11-00A0C91BC942}") = "Bai001", "Bai001\Bai001.vcxproj", "{8E0ED058-A4A3-4224-847C-6B8B31134EBA}"
EndProject
Project("{8BC9CEB8-8B4A-11D0-8D11-00A0C91BC942}") = "Bai002", "Bai002\Bai002.vcxproj", "{197B6023-EEF1-4EF1-AFA8-F88092BC62C9}"
EndProject
Project("{8BC9CEB8-8B4A-11D0-8D11-00A0C91BC942}") = "Bai003", "Bai003\Bai003.vcxproj", "{D5739212-9C77-4509-91AF-BA7F2C968687}"
EndProject
Project("{8BC9CEB8-8B4A-11D0-8D11-00A0C91BC942}") = "Bai004", "Bai004\Bai004.vcxproj", "{36F64878-1704-44A6-8C87-5A9B09ADA667}"
EndProject
Project("{8BC9CEB8-8B4A-11D0-8D11-00A0C91BC942}") = "Bai005", "Bai005\Bai005.vcxproj", "{815B0189-D99D-4A26-BD5E-D7E193DF125A}"
EndProject
Project("{8BC9CEB8-8B4A-11D0-8D11-00A0C91BC942}") = "Bai006", "Bai006\Bai006.vcxproj", "{3DD95D7F-228A-4779-A64B-E1DF1E0F94E5}"
EndProject
Project("{8BC9CEB8-8B4A-11D0-8D11-00A0C91BC942}") = "Bai007", "Bai007\Bai007.vcxproj", "{EB1E607B-1A7B-40BE-823F-8E6B236B8253}"
EndProject
Project("{8BC9CEB8-8B4A-11D0-8D11-00A0C91BC942}") = "Bai008", "Bai008\Bai008.vcxproj", "{58456FB1-6630-4B0E-8AB0-964B20597F53}"
EndProject
Project("{8BC9CEB8-8B4A-11D0-8D11-00A0C91BC942}") = "Bai009", "Bai009\Bai009.vcxproj", "{35EB8F9C-2FC4-497F-9DDE-23F396D70C16}"
EndProject
Project("{8BC9CEB8-8B4A-11D0-8D11-00A0C91BC942}") = "Bai010", "Bai010\Bai010.vcxproj", "{949055B1-66D1-4BD1-9687-950BF5D10B85}"
EndProject
Project("{8BC9CEB8-8B4A-11D0-8D11-00A0C91BC942}") = "Bai011", "Bai011\Bai011.vcxproj", "{5CA48BA6-8CCD-41BA-AE48-5DCA9B50D9B9}"
EndProject
Project("{8BC9CEB8-8B4A-11D0-8D11-00A0C91BC942}") = "Bai012", "Bai012\Bai012.vcxproj", "{22B4F22F-0D6C-4EE1-A291-198F6A1C74CA}"
EndProject
Project("{8BC9CEB8-8B4A-11D0-8D11-00A0C91BC942}") = "Bai013", "Bai013\Bai013.vcxproj", "{49A38249-2265-47BC-8458-D394B4F64672}"
EndProject
Project("{8BC9CEB8-8B4A-11D0-8D11-00A0C91BC942}") = "Bai014", "Bai014\Bai014.vcxproj", "{0AE9530C-F6B2-4335-88E8-5BCB6FAF88E3}"
EndProject
Global
	GlobalSection(SolutionConfigurationPlatforms) = preSolution
		Debug|x64 = Debug|x64
		Debug|x86 = Debug|x86
		Release|x64 = Release|x64
		Release|x86 = Release|x86
	EndGlobalSection
	GlobalSection(ProjectConfigurationPlatforms) = postSolution
		{8E0ED058-A4A3-4224-847C-6B8B31134EBA}.Debug|x64.ActiveCfg = Debug|x64
		{8E0ED058-A4A3-4224-847C-6B8B31134EBA}.Debug|x64.Build.0 = Debug|x64
		{8E0ED058-A4A3-4224-847C-6B8B31134EBA}.Debug|x86.ActiveCfg = Debug|Win32
		{8E0ED058-A4A3-4224-847C-6B8B31134EBA}.Debug|x86.Build.0 = Debug|Win32
		{8E0ED058-A4A3-4224-847C-6B8B31134EBA}.Release|x64.ActiveCfg = Release|x64
		{8E0ED058-A4A3-4224-847C-6B8B31134EBA}.Release|x64.Build.0 = Release|x64
		{8E0ED058-A4A3-4224-847C-6B8B31134EBA}.Release|x86.ActiveCfg = Release|Win32
		{8E0ED058-A4A3-4224-847C-6B8B31134EBA}.Release|x86.Build.0 = Release|Win32
		{197B6023-EEF1-4EF1-AFA8-F88092BC62C9}.Debug|x64.ActiveCfg = Debug|x64
		{197B6023-EEF1-4EF1-AFA8-F88092BC62C9}.Debug|x64.Build.0 = Debug|x64
		{197B6023-EEF1-4EF1-AFA8-F88092BC62C9}.Debug|x86.ActiveCfg = Debug|Win32
		{197B6023-EEF1-4EF1-AFA8-F88092BC62C9}.Debug|x86.Build.0 = Debug|Win32
		{197B6023-EEF1-4EF1-AFA8-F88092BC62C9}.Release|x64.ActiveCfg = Release|x64
		{197B6023-EEF1-4EF1-AFA8-F88092BC62C9}.Release|x64.Build.0 = Release|x64
		{197B6023-EEF1-4EF1-AFA8-F88092BC62C9}.Release|x86.ActiveCfg = Release|Win32
		{197B6023-EEF1-4EF1-AFA8-F88092BC62C9}.Release|x86.Build.0 = Release|Win32
		{D5739212-9C77-4509-91AF-BA7F2C968687}.Debug|x64.ActiveCfg = Debug|x64
		{D5739212-9C77-4509-91AF-BA7F2C968687}.Debug|x64.Build.0 = Debug|x64
		{D5739212-9C77-4509-91AF-BA7F2C968687}.Debug|x86.ActiveCfg = Debug|Win32
		{D5739212-9C77-4509-91AF-BA7F2C968687}.Debug|x86.Build.0 = Debug|Win32
		{D5739212-9C77-4509-91AF-BA7F2C968687}.Release|x64.ActiveCfg = Release|x64
		{D5739212-9C77-4509-91AF-BA7F2C968687}.Release|x64.Build.0 = Release|x64
		{D5739212-9C77-4509-91AF-BA7F2C968687}.Release|x86.ActiveCfg = Release|Win32
		{D5739212-9C77-4509-91AF-BA7F2C968687}.Release|x86.Build.0 = Release|Win32
		{36F64878-1704-44A6-8C87-5A9B09ADA667}.Debug|x64.ActiveCfg = Debug|x64
		{36F64878-1704-44A6-8C87-5A9B09ADA667}.Debug|x64.Build.0 = Debug|x64
		{36F64878-1704-44A6-8C87-5A9B09ADA667}.Debug|x86.ActiveCfg = Debug|Win32
		{36F64878-1704-44A6-8C87-5A9B09ADA667}.Debug|x86.Build.0 = Debug|Win32
		{36F64878-1704-44A6-8C87-5A9B09ADA667}.Release|x64.ActiveCfg = Release|x64
		{36F64878-1704-44A6-8C87-5A9B09ADA667}.Release|x64.Build.0 = Release|x64
		{36F64878-1704-44A6-8C87-5A9B09ADA667}.Release|x86.ActiveCfg = Release|Win32
		{36F64878-1704-44A6-8C87-5A9B09ADA667}.Release|x86.Build.0 = Release|Win32
		{815B0189-D99D-4A26-BD5E-D7E193DF125A}.Debug|x64.ActiveCfg = Debug|x64
		{815B0189-D99D-4A26-BD5E-D7E193DF125A}.Debug|x64.Build.0 = Debug|x64
		{815B0189-D99D-4A26-BD5E-D7E193DF125A}.Debug|x86.ActiveCfg = Debug|Win32
		{815B0189-D99D-4A26-BD5E-D7E193DF125A}.Debug|x86.Build.0 = Debug|Win32
		{815B0189-D99D-4A26-BD5E-D7E193DF125A}.Release|x64.ActiveCfg = Release|x64
		{815B0189-D99D-4A26-BD5E-D7E193DF125A}.Release|x64.Build.0 = Release|x64
		{815B0189-D99D-4A26-BD5E-D7E193DF125A}.Release|x86.ActiveCfg = Release|Win32
		{815B0189-D99D-4A26-BD5E-D7E193DF125A}.Release|x86.Build.0 = Release|Win32
		{3DD95D7F-228A-4779-A64B-E1DF1E0F94E5}.Debug|x64.ActiveCfg = Debug|x64
		{3DD95D7F-228A-4779-A64B-E1DF1E0F94E5}.Debug|x64.Build.0 = Debug|x64
		{3DD95D7F-228A-4779-A64B-E1DF1E0F94E5}.Debug|x86.ActiveCfg = Debug|Win32
		{3DD95D7F-228A-4779-A64B-E1DF1E0F94E5}.Debug|x86.Build.0 = Debug|Win32
		{3DD95D7F-228A-4779-A64B-E1DF1E0F94E5}.Release|x64.ActiveCfg = Release|x64
		{3DD95D7F-228A-4779-A64B-E1DF1E0F94E5}.Release|x64.Build.0 = Release|x64
		{3DD95D7F-228A-4779-A64B-E1DF1E0F94E5}.Release|x86.ActiveCfg = Release|Win32
		{3DD95D7F-228A-4779-A64B-E1DF1E0F94E5}.Release|x86.Build.0 = Release|Win32
		{EB1E607B-1A7B-40BE-823F-8E6B236B8253}.Debug|x64.ActiveCfg = Debug|x64
		{EB1E607B-1A7B-40BE-823F-8E6B236B8253}.Debug|x64.Build.0 = Debug|x64
		{EB1E607B-1A7B-40BE-823F-8E6B236B8253}.Debug|x86.ActiveCfg = Debug|Win32
		{EB1E607B-1A7B-40BE-823F-8E6B236B8253}.Debug|x86.Build.0 = Debug|Win32
		{EB1E607B-1A7B-40BE-823F-8E6B236B8253}.Release|x64.ActiveCfg = Release|x64
		{EB1E607B-1A7B-40BE-823F-8E6B236B8253}.Release|x64.Build.0 = Release|x64
		{EB1E607B-1A7B-40BE-823F-8E6B236B8253}.Release|x86.ActiveCfg = Release|Win32
		{EB1E607B-1A7B-40BE-823F-8E6B236B8253}.Release|x86.Build.0 = Release|Win32
		{58456FB1-6630-4B0E-8AB0-964B20597F53}.Debug|x64.ActiveCfg = Debug|x64
		{58456FB1-6630-4B0E-8AB0-964B20597F53}.Debug|x64.Build.0 = Debug|x64
		{58456FB1-6630-4B0E-8AB0-964B20597F53}.Debug|x86.ActiveCfg = Debug|Win32
		{58456FB1-6630-4B0E-8AB0-964B20597F53}.Debug|x86.Build.0 = Debug|Win32
		{58456FB1-6630-4B0E-8AB0-964B20597F53}.Release|x64.ActiveCfg = Release|x64
		{58456FB1-6630-4B0E-8AB0-964B20597F53}.Release|x64.Build.0 = Release|x64
		{58456FB1-6630-4B0E-8AB0-964B20597F53}.Release|x86.ActiveCfg = Release|Win32
		{58456FB1-6630-4B0E-8AB0-964B20597F53}.Release|x86.Build.0 = Release|Win32
		{35EB8F9C-2FC4-497F-9DDE-23F396D70C16}.Debug|x64.ActiveCfg = Debug|x64
		{35EB8F9C-2FC4-497F-9DDE-23F396D70C16}.Debug|x64.Build.0 = Debug|x64
		{35EB8F9C-2FC4-497F-9DDE-23F396D70C16}.Debug|x86.ActiveCfg = Debug|Win32
		{35EB8F9C-2FC4-497F-9DDE-23F396D70C16}.Debug|x86.Build.0 = Debug|Win32
		{35EB8F9C-2FC4-497F-9DDE-23F396D70C16}.Release|x64.ActiveCfg = Release|x64
		{35EB8F9C-2FC4-497F-9DDE-23F396D70C16}.Release|x64.Build.0 = Release|x64
		{35EB8F9C-2FC4-497F-9DDE-23F396D70C16}.Release|x86.ActiveCfg = Release|Win32
		{35EB8F9C-2FC4-497F-9DDE-23F396D70C16}.Release|x86.Build.0 = Release|Win32
		{949055B1-66D1-4BD1-9687-950BF5D10B85}.Debug|x64.ActiveCfg = Debug|x64
		{949055B1-66D1-4BD1-9687-950BF5D10B85}.Debug|x64.Build.0 = Debug|x64
		{949055B1-66D1-4BD1-9687-950BF5D10B85}.Debug|x86.ActiveCfg = Debug|Win32
		{949055B1-66D1-4BD1-9687-950BF5D10B85}.Debug|x86.Build.0 = Debug|Win32
		{949055B1-66D1-4BD1-9687-950BF5D10B85}.Release|x64.ActiveCfg = Release|x64
		{949055B1-66D1-4BD1-9687-950BF5D10B85}.Release|x64.Build.0 = Release|x64
		{949055B1-66D1-4BD1-9687-950BF5D10B85}.Release|x86.ActiveCfg = Release|Win32
		{949055B1-66D1-4BD1-9687-950BF5D10B85}.Release|x86.Build.0 = Release|Win32
		{5CA48BA6-8CCD-41BA-AE48-5DCA9B50D9B9}.Debug|x64.ActiveCfg = Debug|x64
		{5CA48BA6-8CCD-41BA-AE48-5DCA9B50D9B9}.Debug|x64.Build.0 = Debug|x64
		{5CA48BA6-8CCD-41BA-AE48-5DCA9B50D9B9}.Debug|x86.ActiveCfg = Debug|Win32
		{5CA48BA6-8CCD-41BA-AE48-5DCA9B50D9B9}.Debug|x86.Build.0 = Debug|Win32
		{5CA48BA6-8CCD-41BA-AE48-5DCA9B50D9B9}.Release|x64.ActiveCfg = Release|x64
		{5CA48BA6-8CCD-41BA-AE48-5DCA9B50D9B9}.Release|x64.Build.0 = Release|x64
		{5CA48BA6-8CCD-41BA-AE48-5DCA9B50D9B9}.Release|x86.ActiveCfg = Release|Win32
		{5CA48BA6-8CCD-41BA-AE48-5DCA9B50D9B9}.Release|x86.Build.0 = Release|Win32
		{22B4F22F-0D6C-4EE1-A291-198F6A1C74CA}.Debug|x64.ActiveCfg = Debug|x64
		{22B4F22F-0D6C-4EE1-A291-198F6A1C74CA}.Debug|x64.Build.0 = Debug|x64
		{22B4F22F-0D6C-4EE1-A291-198F6A1C74CA}.Debug|x86.ActiveCfg = Debug|Win32
		{22B4F22F-0D6C-4EE1-A291-198F6A1C74CA}.Debug|x86.Build.0 = Debug|Win32
		{22B4F22F-0D6C-4EE1-A291-198F6A1C74CA}.Release|x64.ActiveCfg = Release|x64
		{22B4F22F-0D6C-4EE1-A291-198F6A1C74CA}.Release|x64.Build.0 = Release|x64
		{22B4F22F-0D6C-4EE1-A291-198F6A1C74CA}.Release|x86.ActiveCfg = Release|Win32
		{22B4F22F-0D6C-4EE1-A291-198F6A1C74CA}.Release|x86.Build.0 = Release|Win32
		{49A38249-2265-47BC-8458-D394B4F64672}.Debug|x64.ActiveCfg = Debug|x64
		{49A38249-2265-47BC-8458-D394B4F64672}.Debug|x64.Build.0 = Debug|x64
		{49A38249-2265-47BC-8458-D394B4F64672}.Debug|x86.ActiveCfg = Debug|Win32
		{49A38249-2265-47BC-8458-D394B4F64672}.Debug|x86.Build.0 = Debug|Win32
		{49A38249-2265-47BC-8458-D394B4F64672}.Release|x64.ActiveCfg = Release|x64
		{49A38249-2265-47BC-8458-D394B4F64672}.Release|x64.Build.0 = Release|x64
		{49A38249-2265-47BC-8458-D394B4F64672}.Release|x86.ActiveCfg = Release|Win32
		{49A38249-2265-47BC-8458-D394B4F64672}.Release|x86.Build.0 = Release|Win32
		{0AE9530C-F6B2-4335-88E8-5BCB6FAF88E3}.Debug|x64.ActiveCfg = Debug|x64
		{0AE9530C-F6B2-4335-88E8-5BCB6FAF88E3}.Debug|x64.Build.0 = Debug|x64
		{0AE9530C-F6B2-4335-88E8-5BCB6FAF88E3}.Debug|x86.ActiveCfg = Debug|Win32
		{0AE9530C-F6B2-4335-88E8-5BCB6FAF88E3}.Debug|x86.Build.0 = Debug|Win32
		{0AE9530C-F6B2-4335-88E8-5BCB6FAF88E3}.Release|x64.ActiveCfg = Release|x64
		{0AE9530C-F6B2-4335-88E8-5BCB6FAF88E3}.Release|x64.Build.0 = Release|x64
		{0AE9530C-F6B2-4335-88E8-5BCB6FAF88E3}.Release|x86.ActiveCfg = Release|Win32
		{0AE9530C-F6B2-4335-88E8-5BCB6FAF88E3}.Release|x86.Build.0 = Release|Win32
	EndGlobalSection
	GlobalSection(SolutionProperties) = preSolution
		HideSolutionNode = FALSE
	EndGlobalSection
	GlobalSection(ExtensibilityGlobals) = postSolution
		SolutionGuid = {5D805ACF-0FD4-443B-AECE-A6CA50D48FF3}
	EndGlobalSection
EndGlobal
